
Microsoft Visual Studio Solution File, Format Version 12.00
# Visual Studio 14
VisualStudioVersion = 14.0.25123.0
MinimumVisualStudioVersion = 10.0.40219.1
Project("{FAE04EC0-301F-11D3-BF4B-00C04F79EFBC}") = "Jarvis", "Jarvis\Jarvis.csproj", "{C094CEBD-557A-4000-9971-1BECA7254EC4}"
EndProject
Project("{FAE04EC0-301F-11D3-BF4B-00C04F79EFBC}") = "Jarvis.Tests", "Jarvis.Tests\Jarvis.Tests.csproj", "{0112B5AF-EDF5-45E5-ABA3-877C4CCAC308}"
EndProject
Global
	GlobalSection(SolutionConfigurationPlatforms) = preSolution
		Debug|Any CPU = Debug|Any CPU
		Release|Any CPU = Release|Any CPU
	EndGlobalSection
	GlobalSection(ProjectConfigurationPlatforms) = postSolution
		{C094CEBD-557A-4000-9971-1BECA7254EC4}.Debug|Any CPU.ActiveCfg = Debug|Any CPU
		{C094CEBD-557A-4000-9971-1BECA7254EC4}.Debug|Any CPU.Build.0 = Debug|Any CPU
		{C094CEBD-557A-4000-9971-1BECA7254EC4}.Release|Any CPU.ActiveCfg = Release|Any CPU
		{C094CEBD-557A-4000-9971-1BECA7254EC4}.Release|Any CPU.Build.0 = Release|Any CPU
		{0112B5AF-EDF5-45E5-ABA3-877C4CCAC308}.Debug|Any CPU.ActiveCfg = Debug|Any CPU
		{0112B5AF-EDF5-45E5-ABA3-877C4CCAC308}.Debug|Any CPU.Build.0 = Debug|Any CPU
		{0112B5AF-EDF5-45E5-ABA3-877C4CCAC308}.Release|Any CPU.ActiveCfg = Release|Any CPU
		{0112B5AF-EDF5-45E5-ABA3-877C4CCAC308}.Release|Any CPU.Build.0 = Release|Any CPU
	EndGlobalSection
	GlobalSection(SolutionProperties) = preSolution
		HideSolutionNode = FALSE
	EndGlobalSection
EndGlobal
